// !$*UTF8*$!
{
	archiveVersion = 1;
	classes = {
	};
	objectVersion = 56;
	objects = {

/* Begin PBXBuildFile section */
		A7266763293890F80072227A /* MovieBookingApp.swift in Sources */ = {isa = PBXBuildFile; fileRef = A7266762293890F80072227A /* MovieBookingApp.swift */; };
		A7266765293890F80072227A /* ContentView.swift in Sources */ = {isa = PBXBuildFile; fileRef = A7266764293890F80072227A /* ContentView.swift */; };
		A7266767293890FD0072227A /* Assets.xcassets in Resources */ = {isa = PBXBuildFile; fileRef = A7266766293890FD0072227A /* Assets.xcassets */; };
		A726676A293890FD0072227A /* Preview Assets.xcassets in Resources */ = {isa = PBXBuildFile; fileRef = A7266769293890FD0072227A /* Preview Assets.xcassets */; };
		A7266778293893360072227A /* TicketView.swift in Sources */ = {isa = PBXBuildFile; fileRef = A7266777293893360072227A /* TicketView.swift */; };
		A72667A62938A1C30072227A /* PosterData.swift in Sources */ = {isa = PBXBuildFile; fileRef = A726679C2938A1C20072227A /* PosterData.swift */; };
		A72667A72938A1C30072227A /* TicketData.swift in Sources */ = {isa = PBXBuildFile; fileRef = A726679D2938A1C20072227A /* TicketData.swift */; };
		A72667A82938A1C30072227A /* StatusUI.swift in Sources */ = {isa = PBXBuildFile; fileRef = A726679F2938A1C30072227A /* StatusUI.swift */; };
		A72667A92938A1C30072227A /* CircleBackground.swift in Sources */ = {isa = PBXBuildFile; fileRef = A72667A02938A1C30072227A /* CircleBackground.swift */; };
		A72667AA2938A1C30072227A /* RoundButton.swift in Sources */ = {isa = PBXBuildFile; fileRef = A72667A22938A1C30072227A /* RoundButton.swift */; };
		A72667AB2938A1C30072227A /* CircleButton.swift in Sources */ = {isa = PBXBuildFile; fileRef = A72667A32938A1C30072227A /* CircleButton.swift */; };
		A72667AC2938A1C30072227A /* DateButton.swift in Sources */ = {isa = PBXBuildFile; fileRef = A72667A42938A1C30072227A /* DateButton.swift */; };
		A72667AD2938A1C30072227A /* TimeButton.swift in Sources */ = {isa = PBXBuildFile; fileRef = A72667A52938A1C30072227A /* TimeButton.swift */; };
		A72667AF2938A2500072227A /* Ticket.swift in Sources */ = {isa = PBXBuildFile; fileRef = A72667AE2938A2500072227A /* Ticket.swift */; };
		A72667B1293A1E8A0072227A /* utils.swift in Sources */ = {isa = PBXBuildFile; fileRef = A72667B0293A1E8A0072227A /* utils.swift */; };
		A72667B3293C7CF10072227A /* Tickets.swift in Sources */ = {isa = PBXBuildFile; fileRef = A72667B2293C7CF10072227A /* Tickets.swift */; };
		A72667B5293DEB730072227A /* TabData.swift in Sources */ = {isa = PBXBuildFile; fileRef = A72667B4293DEB730072227A /* TabData.swift */; };
		A72667B7293F0B060072227A /* CustomTabBar.swift in Sources */ = {isa = PBXBuildFile; fileRef = A72667B6293F0B060072227A /* CustomTabBar.swift */; };
		A72667B929405EA70072227A /* HomeView.swift in Sources */ = {isa = PBXBuildFile; fileRef = A72667B829405EA70072227A /* HomeView.swift */; };
		A72667BB294061990072227A /* CustomSearchBar.swift in Sources */ = {isa = PBXBuildFile; fileRef = A72667BA294061990072227A /* CustomSearchBar.swift */; };
		A72667BD2941C1950072227A /* ScrollSection.swift in Sources */ = {isa = PBXBuildFile; fileRef = A72667BC2941C1950072227A /* ScrollSection.swift */; };
		A72667BF2941C5610072227A /* BookingView.swift in Sources */ = {isa = PBXBuildFile; fileRef = A72667BE2941C5610072227A /* BookingView.swift */; };
		A72667C12941DAFC0072227A /* LargeButton.swift in Sources */ = {isa = PBXBuildFile; fileRef = A72667C02941DAFC0072227A /* LargeButton.swift */; };
		A7C7FAA92943283800642B77 /* SeatsView.swift in Sources */ = {isa = PBXBuildFile; fileRef = A7C7FAA82943283800642B77 /* SeatsView.swift */; };
/* End PBXBuildFile section */

/* Begin PBXFileReference section */
		A726675F293890F80072227A /* MovieBooking.app */ = {isa = PBXFileReference; explicitFileType = wrapper.application; includeInIndex = 0; path = MovieBooking.app; sourceTree = BUILT_PRODUCTS_DIR; };
		A7266762293890F80072227A /* MovieBookingApp.swift */ = {isa = PBXFileReference; lastKnownFileType = sourcecode.swift; path = MovieBookingApp.swift; sourceTree = "<group>"; };
		A7266764293890F80072227A /* ContentView.swift */ = {isa = PBXFileReference; lastKnownFileType = sourcecode.swift; path = ContentView.swift; sourceTree = "<group>"; };
		A7266766293890FD0072227A /* Assets.xcassets */ = {isa = PBXFileReference; lastKnownFileType = folder.assetcatalog; path = Assets.xcassets; sourceTree = "<group>"; };
		A7266769293890FD0072227A /* Preview Assets.xcassets */ = {isa = PBXFileReference; lastKnownFileType = folder.assetcatalog; path = "Preview Assets.xcassets"; sourceTree = "<group>"; };
		A7266777293893360072227A /* TicketView.swift */ = {isa = PBXFileReference; lastKnownFileType = sourcecode.swift; path = TicketView.swift; sourceTree = "<group>"; };
		A726679C2938A1C20072227A /* PosterData.swift */ = {isa = PBXFileReference; fileEncoding = 4; lastKnownFileType = sourcecode.swift; path = PosterData.swift; sourceTree = "<group>"; };
		A726679D2938A1C20072227A /* TicketData.swift */ = {isa = PBXFileReference; fileEncoding = 4; lastKnownFileType = sourcecode.swift; path = TicketData.swift; sourceTree = "<group>"; };
		A726679F2938A1C30072227A /* StatusUI.swift */ = {isa = PBXFileReference; fileEncoding = 4; lastKnownFileType = sourcecode.swift; path = StatusUI.swift; sourceTree = "<group>"; };
		A72667A02938A1C30072227A /* CircleBackground.swift */ = {isa = PBXFileReference; fileEncoding = 4; lastKnownFileType = sourcecode.swift; path = CircleBackground.swift; sourceTree = "<group>"; };
		A72667A22938A1C30072227A /* RoundButton.swift */ = {isa = PBXFileReference; fileEncoding = 4; lastKnownFileType = sourcecode.swift; path = RoundButton.swift; sourceTree = "<group>"; };
		A72667A32938A1C30072227A /* CircleButton.swift */ = {isa = PBXFileReference; fileEncoding = 4; lastKnownFileType = sourcecode.swift; path = CircleButton.swift; sourceTree = "<group>"; };
		A72667A42938A1C30072227A /* DateButton.swift */ = {isa = PBXFileReference; fileEncoding = 4; lastKnownFileType = sourcecode.swift; path = DateButton.swift; sourceTree = "<group>"; };
		A72667A52938A1C30072227A /* TimeButton.swift */ = {isa = PBXFileReference; fileEncoding = 4; lastKnownFileType = sourcecode.swift; path = TimeButton.swift; sourceTree = "<group>"; };
		A72667AE2938A2500072227A /* Ticket.swift */ = {isa = PBXFileReference; lastKnownFileType = sourcecode.swift; path = Ticket.swift; sourceTree = "<group>"; };
		A72667B0293A1E8A0072227A /* utils.swift */ = {isa = PBXFileReference; fileEncoding = 4; lastKnownFileType = sourcecode.swift; path = utils.swift; sourceTree = "<group>"; };
		A72667B2293C7CF10072227A /* Tickets.swift */ = {isa = PBXFileReference; lastKnownFileType = sourcecode.swift; path = Tickets.swift; sourceTree = "<group>"; };
		A72667B4293DEB730072227A /* TabData.swift */ = {isa = PBXFileReference; lastKnownFileType = sourcecode.swift; path = TabData.swift; sourceTree = "<group>"; };
		A72667B6293F0B060072227A /* CustomTabBar.swift */ = {isa = PBXFileReference; lastKnownFileType = sourcecode.swift; path = CustomTabBar.swift; sourceTree = "<group>"; };
		A72667B829405EA70072227A /* HomeView.swift */ = {isa = PBXFileReference; lastKnownFileType = sourcecode.swift; path = HomeView.swift; sourceTree = "<group>"; };
		A72667BA294061990072227A /* CustomSearchBar.swift */ = {isa = PBXFileReference; lastKnownFileType = sourcecode.swift; path = CustomSearchBar.swift; sourceTree = "<group>"; };
		A72667BC2941C1950072227A /* ScrollSection.swift */ = {isa = PBXFileReference; lastKnownFileType = sourcecode.swift; path = ScrollSection.swift; sourceTree = "<group>"; };
		A72667BE2941C5610072227A /* BookingView.swift */ = {isa = PBXFileReference; lastKnownFileType = sourcecode.swift; path = BookingView.swift; sourceTree = "<group>"; };
		A72667C02941DAFC0072227A /* LargeButton.swift */ = {isa = PBXFileReference; fileEncoding = 4; lastKnownFileType = sourcecode.swift; path = LargeButton.swift; sourceTree = "<group>"; };
		A7C7FAA82943283800642B77 /* SeatsView.swift */ = {isa = PBXFileReference; lastKnownFileType = sourcecode.swift; path = SeatsView.swift; sourceTree = "<group>"; };
/* End PBXFileReference section */

/* Begin PBXFrameworksBuildPhase section */
		A726675C293890F80072227A /* Frameworks */ = {
			isa = PBXFrameworksBuildPhase;
			buildActionMask = 2147483647;
			files = (
			);
			runOnlyForDeploymentPostprocessing = 0;
		};
/* End PBXFrameworksBuildPhase section */

/* Begin PBXGroup section */
		A7266756293890F80072227A = {
			isa = PBXGroup;
			children = (
				A7266761293890F80072227A /* MovieBooking */,
				A72667B0293A1E8A0072227A /* utils.swift */,
				A7266760293890F80072227A /* Products */,
			);
			sourceTree = "<group>";
		};
		A7266760293890F80072227A /* Products */ = {
			isa = PBXGroup;
			children = (
				A726675F293890F80072227A /* MovieBooking.app */,
			);
			name = Products;
			sourceTree = "<group>";
		};
		A7266761293890F80072227A /* MovieBooking */ = {
			isa = PBXGroup;
			children = (
				A72667A12938A1C30072227A /* Buttons */,
				A726679E2938A1C30072227A /* UI */,
				A726679B2938A1C20072227A /* Data */,
				A726677929389C470072227A /* Cards */,
				A7266776293893220072227A /* Views */,
				A7266764293890F80072227A /* ContentView.swift */,
				A7266762293890F80072227A /* MovieBookingApp.swift */,
				A7266766293890FD0072227A /* Assets.xcassets */,
				A7266768293890FD0072227A /* Preview Content */,
			);
			path = MovieBooking;
			sourceTree = "<group>";
		};
		A7266768293890FD0072227A /* Preview Content */ = {
			isa = PBXGroup;
			children = (
				A7266769293890FD0072227A /* Preview Assets.xcassets */,
			);
			path = "Preview Content";
			sourceTree = "<group>";
		};
		A7266776293893220072227A /* Views */ = {
			isa = PBXGroup;
			children = (
				A7266777293893360072227A /* TicketView.swift */,
				A72667B829405EA70072227A /* HomeView.swift */,
				A72667BE2941C5610072227A /* BookingView.swift */,
				A7C7FAA82943283800642B77 /* SeatsView.swift */,
			);
			path = Views;
			sourceTree = "<group>";
		};
		A726677929389C470072227A /* Cards */ = {
			isa = PBXGroup;
			children = (
				A72667AE2938A2500072227A /* Ticket.swift */,
				A72667B2293C7CF10072227A /* Tickets.swift */,
			);
			path = Cards;
			sourceTree = "<group>";
		};
		A726679B2938A1C20072227A /* Data */ = {
			isa = PBXGroup;
			children = (
				A726679C2938A1C20072227A /* PosterData.swift */,
				A726679D2938A1C20072227A /* TicketData.swift */,
				A72667B4293DEB730072227A /* TabData.swift */,
			);
			path = Data;
			sourceTree = "<group>";
		};
		A726679E2938A1C30072227A /* UI */ = {
			isa = PBXGroup;
			children = (
				A726679F2938A1C30072227A /* StatusUI.swift */,
				A72667A02938A1C30072227A /* CircleBackground.swift */,
				A72667B6293F0B060072227A /* CustomTabBar.swift */,
				A72667BA294061990072227A /* CustomSearchBar.swift */,
				A72667BC2941C1950072227A /* ScrollSection.swift */,
			);
			path = UI;
			sourceTree = "<group>";
		};
		A72667A12938A1C30072227A /* Buttons */ = {
			isa = PBXGroup;
			children = (
				A72667C02941DAFC0072227A /* LargeButton.swift */,
				A72667A22938A1C30072227A /* RoundButton.swift */,
				A72667A32938A1C30072227A /* CircleButton.swift */,
				A72667A42938A1C30072227A /* DateButton.swift */,
				A72667A52938A1C30072227A /* TimeButton.swift */,
			);
			path = Buttons;
			sourceTree = "<group>";
		};
/* End PBXGroup section */

/* Begin PBXNativeTarget section */
		A726675E293890F80072227A /* MovieBooking */ = {
			isa = PBXNativeTarget;
			buildConfigurationList = A726676D293890FD0072227A /* Build configuration list for PBXNativeTarget "MovieBooking" */;
			buildPhases = (
				A726675B293890F80072227A /* Sources */,
				A726675C293890F80072227A /* Frameworks */,
				A726675D293890F80072227A /* Resources */,
			);
			buildRules = (
			);
			dependencies = (
			);
			name = MovieBooking;
			productName = MovieBooking;
			productReference = A726675F293890F80072227A /* MovieBooking.app */;
			productType = "com.apple.product-type.application";
		};
/* End PBXNativeTarget section */

/* Begin PBXProject section */
		A7266757293890F80072227A /* Project object */ = {
			isa = PBXProject;
			attributes = {
				BuildIndependentTargetsInParallel = 1;
				LastSwiftUpdateCheck = 1410;
				LastUpgradeCheck = 1410;
				TargetAttributes = {
					A726675E293890F80072227A = {
						CreatedOnToolsVersion = 14.1;
					};
				};
			};
			buildConfigurationList = A726675A293890F80072227A /* Build configuration list for PBXProject "MovieBooking" */;
			compatibilityVersion = "Xcode 14.0";
			developmentRegion = en;
			hasScannedForEncodings = 0;
			knownRegions = (
				en,
				Base,
			);
			mainGroup = A7266756293890F80072227A;
			productRefGroup = A7266760293890F80072227A /* Products */;
			projectDirPath = "";
			projectRoot = "";
			targets = (
				A726675E293890F80072227A /* MovieBooking */,
			);
		};
/* End PBXProject section */

/* Begin PBXResourcesBuildPhase section */
		A726675D293890F80072227A /* Resources */ = {
			isa = PBXResourcesBuildPhase;
			buildActionMask = 2147483647;
			files = (
				A726676A293890FD0072227A /* Preview Assets.xcassets in Resources */,
				A7266767293890FD0072227A /* Assets.xcassets in Resources */,
			);
			runOnlyForDeploymentPostprocessing = 0;
		};
/* End PBXResourcesBuildPhase section */

/* Begin PBXSourcesBuildPhase section */
		A726675B293890F80072227A /* Sources */ = {
			isa = PBXSourcesBuildPhase;
			buildActionMask = 2147483647;
			files = (
				A72667AA2938A1C30072227A /* RoundButton.swift in Sources */,
				A72667B5293DEB730072227A /* TabData.swift in Sources */,
				A7266778293893360072227A /* TicketView.swift in Sources */,
				A7266765293890F80072227A /* ContentView.swift in Sources */,
				A72667BF2941C5610072227A /* BookingView.swift in Sources */,
				A72667B7293F0B060072227A /* CustomTabBar.swift in Sources */,
				A72667B929405EA70072227A /* HomeView.swift in Sources */,
				A72667AB2938A1C30072227A /* CircleButton.swift in Sources */,
				A72667AD2938A1C30072227A /* TimeButton.swift in Sources */,
				A72667A62938A1C30072227A /* PosterData.swift in Sources */,
				A72667B1293A1E8A0072227A /* utils.swift in Sources */,
				A72667C12941DAFC0072227A /* LargeButton.swift in Sources */,
				A7266763293890F80072227A /* MovieBookingApp.swift in Sources */,
				A72667AF2938A2500072227A /* Ticket.swift in Sources */,
				A72667A72938A1C30072227A /* TicketData.swift in Sources */,
				A72667A92938A1C30072227A /* CircleBackground.swift in Sources */,
				A72667BB294061990072227A /* CustomSearchBar.swift in Sources */,
				A7C7FAA92943283800642B77 /* SeatsView.swift in Sources */,
				A72667A82938A1C30072227A /* StatusUI.swift in Sources */,
				A72667AC2938A1C30072227A /* DateButton.swift in Sources */,
				A72667B3293C7CF10072227A /* Tickets.swift in Sources */,
				A72667BD2941C1950072227A /* ScrollSection.swift in Sources */,
			);
			runOnlyForDeploymentPostprocessing = 0;
		};
/* End PBXSourcesBuildPhase section */

/* Begin XCBuildConfiguration section */
		A726676B293890FD0072227A /* Debug */ = {
			isa = XCBuildConfiguration;
			buildSettings = {
				ALWAYS_SEARCH_USER_PATHS = NO;
				CLANG_ANALYZER_NONNULL = YES;
				CLANG_ANALYZER_NUMBER_OBJECT_CONVERSION = YES_AGGRESSIVE;
				CLANG_CXX_LANGUAGE_STANDARD = "gnu++20";
				CLANG_ENABLE_MODULES = YES;
				CLANG_ENABLE_OBJC_ARC = YES;
				CLANG_ENABLE_OBJC_WEAK = YES;
				CLANG_WARN_BLOCK_CAPTURE_AUTORELEASING = YES;
				CLANG_WARN_BOOL_CONVERSION = YES;
				CLANG_WARN_COMMA = YES;
				CLANG_WARN_CONSTANT_CONVERSION = YES;
				CLANG_WARN_DEPRECATED_OBJC_IMPLEMENTATIONS = YES;
				CLANG_WARN_DIRECT_OBJC_ISA_USAGE = YES_ERROR;
				CLANG_WARN_DOCUMENTATION_COMMENTS = YES;
				CLANG_WARN_EMPTY_BODY = YES;
				CLANG_WARN_ENUM_CONVERSION = YES;
				CLANG_WARN_INFINITE_RECURSION = YES;
				CLANG_WARN_INT_CONVERSION = YES;
				CLANG_WARN_NON_LITERAL_NULL_CONVERSION = YES;
				CLANG_WARN_OBJC_IMPLICIT_RETAIN_SELF = YES;
				CLANG_WARN_OBJC_LITERAL_CONVERSION = YES;
				CLANG_WARN_OBJC_ROOT_CLASS = YES_ERROR;
				CLANG_WARN_QUOTED_INCLUDE_IN_FRAMEWORK_HEADER = YES;
				CLANG_WARN_RANGE_LOOP_ANALYSIS = YES;
				CLANG_WARN_STRICT_PROTOTYPES = YES;
				CLANG_WARN_SUSPICIOUS_MOVE = YES;
				CLANG_WARN_UNGUARDED_AVAILABILITY = YES_AGGRESSIVE;
				CLANG_WARN_UNREACHABLE_CODE = YES;
				CLANG_WARN__DUPLICATE_METHOD_MATCH = YES;
				COPY_PHASE_STRIP = NO;
				DEBUG_INFORMATION_FORMAT = dwarf;
				ENABLE_STRICT_OBJC_MSGSEND = YES;
				ENABLE_TESTABILITY = YES;
				GCC_C_LANGUAGE_STANDARD = gnu11;
				GCC_DYNAMIC_NO_PIC = NO;
				GCC_NO_COMMON_BLOCKS = YES;
				GCC_OPTIMIZATION_LEVEL = 0;
				GCC_PREPROCESSOR_DEFINITIONS = (
					"DEBUG=1",
					"$(inherited)",
				);
				GCC_WARN_64_TO_32_BIT_CONVERSION = YES;
				GCC_WARN_ABOUT_RETURN_TYPE = YES_ERROR;
				GCC_WARN_UNDECLARED_SELECTOR = YES;
				GCC_WARN_UNINITIALIZED_AUTOS = YES_AGGRESSIVE;
				GCC_WARN_UNUSED_FUNCTION = YES;
				GCC_WARN_UNUSED_VARIABLE = YES;
				IPHONEOS_DEPLOYMENT_TARGET = 16.1;
				MTL_ENABLE_DEBUG_INFO = INCLUDE_SOURCE;
				MTL_FAST_MATH = YES;
				ONLY_ACTIVE_ARCH = YES;
				SDKROOT = iphoneos;
				SWIFT_ACTIVE_COMPILATION_CONDITIONS = DEBUG;
				SWIFT_OPTIMIZATION_LEVEL = "-Onone";
			};
			name = Debug;
		};
		A726676C293890FD0072227A /* Release */ = {
			isa = XCBuildConfiguration;
			buildSettings = {
				ALWAYS_SEARCH_USER_PATHS = NO;
				CLANG_ANALYZER_NONNULL = YES;
				CLANG_ANALYZER_NUMBER_OBJECT_CONVERSION = YES_AGGRESSIVE;
				CLANG_CXX_LANGUAGE_STANDARD = "gnu++20";
				CLANG_ENABLE_MODULES = YES;
				CLANG_ENABLE_OBJC_ARC = YES;
				CLANG_ENABLE_OBJC_WEAK = YES;
				CLANG_WARN_BLOCK_CAPTURE_AUTORELEASING = YES;
				CLANG_WARN_BOOL_CONVERSION = YES;
				CLANG_WARN_COMMA = YES;
				CLANG_WARN_CONSTANT_CONVERSION = YES;
				CLANG_WARN_DEPRECATED_OBJC_IMPLEMENTATIONS = YES;
				CLANG_WARN_DIRECT_OBJC_ISA_USAGE = YES_ERROR;
				CLANG_WARN_DOCUMENTATION_COMMENTS = YES;
				CLANG_WARN_EMPTY_BODY = YES;
				CLANG_WARN_ENUM_CONVERSION = YES;
				CLANG_WARN_INFINITE_RECURSION = YES;
				CLANG_WARN_INT_CONVERSION = YES;
				CLANG_WARN_NON_LITERAL_NULL_CONVERSION = YES;
				CLANG_WARN_OBJC_IMPLICIT_RETAIN_SELF = YES;
				CLANG_WARN_OBJC_LITERAL_CONVERSION = YES;
				CLANG_WARN_OBJC_ROOT_CLASS = YES_ERROR;
				CLANG_WARN_QUOTED_INCLUDE_IN_FRAMEWORK_HEADER = YES;
				CLANG_WARN_RANGE_LOOP_ANALYSIS = YES;
				CLANG_WARN_STRICT_PROTOTYPES = YES;
				CLANG_WARN_SUSPICIOUS_MOVE = YES;
				CLANG_WARN_UNGUARDED_AVAILABILITY = YES_AGGRESSIVE;
				CLANG_WARN_UNREACHABLE_CODE = YES;
				CLANG_WARN__DUPLICATE_METHOD_MATCH = YES;
				COPY_PHASE_STRIP = NO;
				DEBUG_INFORMATION_FORMAT = "dwarf-with-dsym";
				ENABLE_NS_ASSERTIONS = NO;
				ENABLE_STRICT_OBJC_MSGSEND = YES;
				GCC_C_LANGUAGE_STANDARD = gnu11;
				GCC_NO_COMMON_BLOCKS = YES;
				GCC_WARN_64_TO_32_BIT_CONVERSION = YES;
				GCC_WARN_ABOUT_RETURN_TYPE = YES_ERROR;
				GCC_WARN_UNDECLARED_SELECTOR = YES;
				GCC_WARN_UNINITIALIZED_AUTOS = YES_AGGRESSIVE;
				GCC_WARN_UNUSED_FUNCTION = YES;
				GCC_WARN_UNUSED_VARIABLE = YES;
				IPHONEOS_DEPLOYMENT_TARGET = 16.1;
				MTL_ENABLE_DEBUG_INFO = NO;
				MTL_FAST_MATH = YES;
				SDKROOT = iphoneos;
				SWIFT_COMPILATION_MODE = wholemodule;
				SWIFT_OPTIMIZATION_LEVEL = "-O";
				VALIDATE_PRODUCT = YES;
			};
			name = Release;
		};
		A726676E293890FD0072227A /* Debug */ = {
			isa = XCBuildConfiguration;
			buildSettings = {
				ASSETCATALOG_COMPILER_APPICON_NAME = AppIcon;
				ASSETCATALOG_COMPILER_GLOBAL_ACCENT_COLOR_NAME = AccentColor;
				CODE_SIGN_STYLE = Automatic;
				CURRENT_PROJECT_VERSION = 1;
				DEVELOPMENT_ASSET_PATHS = "\"MovieBooking/Preview Content\"";
				DEVELOPMENT_TEAM = 76M7UHN28B;
				ENABLE_PREVIEWS = YES;
				GENERATE_INFOPLIST_FILE = YES;
				INFOPLIST_KEY_UIApplicationSceneManifest_Generation = YES;
				INFOPLIST_KEY_UIApplicationSupportsIndirectInputEvents = YES;
				INFOPLIST_KEY_UILaunchScreen_Generation = YES;
				INFOPLIST_KEY_UISupportedInterfaceOrientations_iPad = "UIInterfaceOrientationPortrait UIInterfaceOrientationPortraitUpsideDown UIInterfaceOrientationLandscapeLeft UIInterfaceOrientationLandscapeRight";
				INFOPLIST_KEY_UISupportedInterfaceOrientations_iPhone = "UIInterfaceOrientationPortrait UIInterfaceOrientationLandscapeLeft UIInterfaceOrientationLandscapeRight";
				LD_RUNPATH_SEARCH_PATHS = (
					"$(inherited)",
					"@executable_path/Frameworks",
				);
				MARKETING_VERSION = 1.0;
				PRODUCT_BUNDLE_IDENTIFIER = com.ming.MovieBooking;
				PRODUCT_NAME = "$(TARGET_NAME)";
				SWIFT_EMIT_LOC_STRINGS = YES;
				SWIFT_VERSION = 5.0;
				TARGETED_DEVICE_FAMILY = "1,2";
			};
			name = Debug;
		};
		A726676F293890FD0072227A /* Release */ = {
			isa = XCBuildConfiguration;
			buildSettings = {
				ASSETCATALOG_COMPILER_APPICON_NAME = AppIcon;
				ASSETCATALOG_COMPILER_GLOBAL_ACCENT_COLOR_NAME = AccentColor;
				CODE_SIGN_STYLE = Automatic;
				CURRENT_PROJECT_VERSION = 1;
				DEVELOPMENT_ASSET_PATHS = "\"MovieBooking/Preview Content\"";
				DEVELOPMENT_TEAM = 76M7UHN28B;
				ENABLE_PREVIEWS = YES;
				GENERATE_INFOPLIST_FILE = YES;
				INFOPLIST_KEY_UIApplicationSceneManifest_Generation = YES;
				INFOPLIST_KEY_UIApplicationSupportsIndirectInputEvents = YES;
				INFOPLIST_KEY_UILaunchScreen_Generation = YES;
				INFOPLIST_KEY_UISupportedInterfaceOrientations_iPad = "UIInterfaceOrientationPortrait UIInterfaceOrientationPortraitUpsideDown UIInterfaceOrientationLandscapeLeft UIInterfaceOrientationLandscapeRight";
				INFOPLIST_KEY_UISupportedInterfaceOrientations_iPhone = "UIInterfaceOrientationPortrait UIInterfaceOrientationLandscapeLeft UIInterfaceOrientationLandscapeRight";
				LD_RUNPATH_SEARCH_PATHS = (
					"$(inherited)",
					"@executable_path/Frameworks",
				);
				MARKETING_VERSION = 1.0;
				PRODUCT_BUNDLE_IDENTIFIER = com.ming.MovieBooking;
				PRODUCT_NAME = "$(TARGET_NAME)";
				SWIFT_EMIT_LOC_STRINGS = YES;
				SWIFT_VERSION = 5.0;
				TARGETED_DEVICE_FAMILY = "1,2";
			};
			name = Release;
		};
/* End XCBuildConfiguration section */

/* Begin XCConfigurationList section */
		A726675A293890F80072227A /* Build configuration list for PBXProject "MovieBooking" */ = {
			isa = XCConfigurationList;
			buildConfigurations = (
				A726676B293890FD0072227A /* Debug */,
				A726676C293890FD0072227A /* Release */,
			);
			defaultConfigurationIsVisible = 0;
			defaultConfigurationName = Release;
		};
		A726676D293890FD0072227A /* Build configuration list for PBXNativeTarget "MovieBooking" */ = {
			isa = XCConfigurationList;
			buildConfigurations = (
				A726676E293890FD0072227A /* Debug */,
				A726676F293890FD0072227A /* Release */,
			);
			defaultConfigurationIsVisible = 0;
			defaultConfigurationName = Release;
		};
/* End XCConfigurationList section */
	};
	rootObject = A7266757293890F80072227A /* Project object */;
}
